# THIS IS AN AUTOGENERATED FILE. DO NOT EDIT THIS FILE DIRECTLY.
# yarn lockfile v1


"@aashutoshrathi/word-wrap@^1.2.3":
  version "1.2.6"

"@alloc/quick-lru@^5.2.0":
  version "5.2.0"

"@ampproject/remapping@^2.2.1":
  version "2.2.1"
  dependencies:
    "@jridgewell/gen-mapping" "^0.3.0"
    "@jridgewell/trace-mapping" "^0.3.9"

"@babel/runtime@^7.23.5":
  version "7.23.7"
  dependencies:
    regenerator-runtime "^0.14.0"

"@eslint-community/eslint-utils@^4.2.0":
  version "4.4.0"
  dependencies:
    eslint-visitor-keys "^3.3.0"

"@eslint-community/regexpp@^4.6.1":
  version "4.10.0"

"@eslint/eslintrc@^2.1.3":
  version "2.1.3"
  dependencies:
    ajv "^6.12.4"
    debug "^4.3.2"
    espree "^9.6.0"
    globals "^13.19.0"
    ignore "^5.2.0"
    import-fresh "^3.2.1"
    js-yaml "^4.1.0"
    minimatch "^3.1.2"
    strip-json-comments "^3.1.1"

"@eslint/js@8.54.0":
  version "8.54.0"

"@fastify/busboy@^2.0.0":
  version "2.1.0"

"@floating-ui/core@^1.4.2":
  version "1.5.2"
  dependencies:
    "@floating-ui/utils" "^0.1.3"

"@floating-ui/dom@^1.5.3":
  version "1.5.3"
  dependencies:
    "@floating-ui/core" "^1.4.2"
    "@floating-ui/utils" "^0.1.3"

"@floating-ui/utils@^0.1.3":
  version "0.1.6"

"@humanwhocodes/config-array@^0.11.13":
  version "0.11.13"
  dependencies:
    "@humanwhocodes/object-schema" "^2.0.1"
    debug "^4.1.1"
    minimatch "^3.0.5"

"@humanwhocodes/module-importer@^1.0.1":
  version "1.0.1"

"@humanwhocodes/object-schema@^2.0.1":
  version "2.0.1"

"@iconify/svelte@^3.1.6":
  version "3.1.6"
  dependencies:
    "@iconify/types" "^2.0.0"

"@iconify/types@^2.0.0":
  version "2.0.0"

"@jridgewell/gen-mapping@^0.3.0", "@jridgewell/gen-mapping@^0.3.2":
  version "0.3.3"
  dependencies:
    "@jridgewell/set-array" "^1.0.1"
    "@jridgewell/sourcemap-codec" "^1.4.10"
    "@jridgewell/trace-mapping" "^0.3.9"

"@jridgewell/resolve-uri@^3.1.0":
  version "3.1.1"

"@jridgewell/set-array@^1.0.1":
  version "1.1.2"

"@jridgewell/sourcemap-codec@^1.4.10", "@jridgewell/sourcemap-codec@^1.4.13", "@jridgewell/sourcemap-codec@^1.4.14", "@jridgewell/sourcemap-codec@^1.4.15":
  version "1.4.15"

"@jridgewell/trace-mapping@^0.3.17", "@jridgewell/trace-mapping@^0.3.18", "@jridgewell/trace-mapping@^0.3.9":
  version "0.3.20"
  dependencies:
    "@jridgewell/resolve-uri" "^3.1.0"
    "@jridgewell/sourcemap-codec" "^1.4.14"

"@nodelib/fs.scandir@2.1.5":
  version "2.1.5"
  dependencies:
    "@nodelib/fs.stat" "2.0.5"
    run-parallel "^1.1.9"

"@nodelib/fs.stat@^2.0.2", "@nodelib/fs.stat@2.0.5":
  version "2.0.5"

"@nodelib/fs.walk@^1.2.3", "@nodelib/fs.walk@^1.2.8":
  version "1.2.8"
  dependencies:
    "@nodelib/fs.scandir" "2.1.5"
    fastq "^1.6.0"

"@polka/url@^1.0.0-next.20":
  version "1.0.0-next.23"

"@popperjs/core@^2.9.3":
  version "2.11.8"

"@sveltejs/adapter-auto@^2.0.0":
  version "2.1.1"
  dependencies:
    import-meta-resolve "^4.0.0"

"@sveltejs/kit@^1.0.0", "@sveltejs/kit@^1.20.4":
  version "1.27.6"
  dependencies:
    "@sveltejs/vite-plugin-svelte" "^2.5.0"
    "@types/cookie" "^0.5.1"
    cookie "^0.5.0"
    devalue "^4.3.1"
    esm-env "^1.0.0"
    kleur "^4.1.5"
    magic-string "^0.30.0"
    mrmime "^1.0.1"
    sade "^1.8.1"
    set-cookie-parser "^2.6.0"
    sirv "^2.0.2"
    tiny-glob "^0.2.9"
    undici "~5.26.2"

"@sveltejs/vite-plugin-svelte-inspector@^1.0.4":
  version "1.0.4"
  dependencies:
    debug "^4.3.4"

"@sveltejs/vite-plugin-svelte@^2.2.0", "@sveltejs/vite-plugin-svelte@^2.5.0":
  version "2.5.3"
  dependencies:
    "@sveltejs/vite-plugin-svelte-inspector" "^1.0.4"
    debug "^4.3.4"
    deepmerge "^4.3.1"
    kleur "^4.1.5"
    magic-string "^0.30.3"
    svelte-hmr "^0.15.3"
    vitefu "^0.2.4"

"@types/cookie@^0.5.1":
  version "0.5.4"

"@types/estree@*", "@types/estree@^1.0.0", "@types/estree@^1.0.1":
  version "1.0.5"

"@types/pug@^2.0.6":
  version "2.0.10"

"@ungap/structured-clone@^1.2.0":
  version "1.2.0"

"@yr/monotone-cubic-spline@^1.0.3":
  version "1.0.3"

acorn-jsx@^5.3.2:
  version "5.3.2"

"acorn@^6.0.0 || ^7.0.0 || ^8.0.0", acorn@^8.10.0, acorn@^8.9.0:
  version "8.11.2"

ajv@^6.12.4:
  version "6.12.6"
  dependencies:
    fast-deep-equal "^3.1.1"
    fast-json-stable-stringify "^2.0.0"
    json-schema-traverse "^0.4.1"
    uri-js "^4.2.2"

ansi-regex@^5.0.1:
  version "5.0.1"

ansi-styles@^4.1.0:
  version "4.3.0"
  dependencies:
    color-convert "^2.0.1"

any-promise@^1.0.0:
  version "1.3.0"

anymatch@~3.1.2:
  version "3.1.3"
  dependencies:
    normalize-path "^3.0.0"
    picomatch "^2.0.4"

apexcharts@^3.44.0:
  version "3.45.1"
  dependencies:
    "@yr/monotone-cubic-spline" "^1.0.3"
    svg.draggable.js "^2.2.2"
    svg.easing.js "^2.0.0"
    svg.filter.js "^2.0.2"
    svg.pathmorphing.js "^0.1.3"
    svg.resize.js "^1.4.3"
    svg.select.js "^3.0.1"

arg@^5.0.2:
  version "5.0.2"

argparse@^2.0.1:
  version "2.0.1"

aria-query@^5.3.0:
  version "5.3.0"
  dependencies:
    dequal "^2.0.3"

autoprefixer@^10.4.16:
  version "10.4.16"
  dependencies:
    browserslist "^4.21.10"
    caniuse-lite "^1.0.30001538"
    fraction.js "^4.3.6"
    normalize-range "^0.1.2"
    picocolors "^1.0.0"
    postcss-value-parser "^4.2.0"

axobject-query@^3.2.1:
  version "3.2.1"
  dependencies:
    dequal "^2.0.3"

balanced-match@^1.0.0:
  version "1.0.2"

binary-extensions@^2.0.0:
  version "2.2.0"

brace-expansion@^1.1.7:
  version "1.1.11"
  dependencies:
    balanced-match "^1.0.0"
    concat-map "0.0.1"

braces@^3.0.2, braces@~3.0.2:
  version "3.0.2"
  dependencies:
    fill-range "^7.0.1"

browserslist@^4.21.10, "browserslist@>= 4.21.0":
  version "4.22.1"
  dependencies:
    caniuse-lite "^1.0.30001541"
    electron-to-chromium "^1.4.535"
    node-releases "^2.0.13"
    update-browserslist-db "^1.0.13"

buffer-crc32@^0.2.5:
  version "0.2.13"

callsites@^3.0.0:
  version "3.1.0"

camelcase-css@^2.0.1:
  version "2.0.1"

caniuse-lite@^1.0.30001538, caniuse-lite@^1.0.30001541:
  version "1.0.30001565"

chalk@^4.0.0:
  version "4.1.2"
  dependencies:
    ansi-styles "^4.1.0"
    supports-color "^7.1.0"

chokidar@^3.4.1, chokidar@^3.5.3:
  version "3.5.3"
  dependencies:
    anymatch "~3.1.2"
    braces "~3.0.2"
    glob-parent "~5.1.2"
    is-binary-path "~2.1.0"
    is-glob "~4.0.1"
    normalize-path "~3.0.0"
    readdirp "~3.6.0"
  optionalDependencies:
    fsevents "~2.3.2"

code-red@^1.0.3:
  version "1.0.4"
  dependencies:
    "@jridgewell/sourcemap-codec" "^1.4.15"
    "@types/estree" "^1.0.1"
    acorn "^8.10.0"
    estree-walker "^3.0.3"
    periscopic "^3.1.0"

color-convert@^2.0.1:
  version "2.0.1"
  dependencies:
    color-name "~1.1.4"

color-name@~1.1.4:
  version "1.1.4"

commander@^4.0.0:
  version "4.1.1"

concat-map@0.0.1:
  version "0.0.1"

cookie@^0.5.0:
  version "0.5.0"

cross-spawn@^7.0.2:
  version "7.0.3"
  dependencies:
    path-key "^3.1.0"
    shebang-command "^2.0.0"
    which "^2.0.1"

css-tree@^2.3.1:
  version "2.3.1"
  dependencies:
    mdn-data "2.0.30"
    source-map-js "^1.0.1"

cssesc@^3.0.0:
  version "3.0.0"

debug@^4.1.1, debug@^4.3.1, debug@^4.3.2, debug@^4.3.4:
  version "4.3.4"
  dependencies:
    ms "2.1.2"

deep-is@^0.1.3:
  version "0.1.4"

deepmerge@^4.3.1:
  version "4.3.1"

dequal@^2.0.3:
  version "2.0.3"

detect-indent@^6.1.0:
  version "6.1.0"

devalue@^4.3.1:
  version "4.3.2"

didyoumean@^1.2.2:
  version "1.2.2"

dlv@^1.1.3:
  version "1.1.3"

doctrine@^3.0.0:
  version "3.0.0"
  dependencies:
    esutils "^2.0.2"

electron-to-chromium@^1.4.535:
  version "1.4.598"

es6-promise@^3.1.2:
  version "3.3.1"

esbuild@^0.18.10:
  version "0.18.20"
  optionalDependencies:
    "@esbuild/android-arm" "0.18.20"
    "@esbuild/android-arm64" "0.18.20"
    "@esbuild/android-x64" "0.18.20"
    "@esbuild/darwin-arm64" "0.18.20"
    "@esbuild/darwin-x64" "0.18.20"
    "@esbuild/freebsd-arm64" "0.18.20"
    "@esbuild/freebsd-x64" "0.18.20"
    "@esbuild/linux-arm" "0.18.20"
    "@esbuild/linux-arm64" "0.18.20"
    "@esbuild/linux-ia32" "0.18.20"
    "@esbuild/linux-loong64" "0.18.20"
    "@esbuild/linux-mips64el" "0.18.20"
    "@esbuild/linux-ppc64" "0.18.20"
    "@esbuild/linux-riscv64" "0.18.20"
    "@esbuild/linux-s390x" "0.18.20"
    "@esbuild/linux-x64" "0.18.20"
    "@esbuild/netbsd-x64" "0.18.20"
    "@esbuild/openbsd-x64" "0.18.20"
    "@esbuild/sunos-x64" "0.18.20"
    "@esbuild/win32-arm64" "0.18.20"
    "@esbuild/win32-ia32" "0.18.20"
    "@esbuild/win32-x64" "0.18.20"

escalade@^3.1.1:
  version "3.1.1"

escape-string-regexp@^4.0.0:
  version "4.0.0"

eslint-compat-utils@^0.1.2:
  version "0.1.2"

eslint-config-prettier@^8.5.0:
  version "8.10.0"

eslint-plugin-svelte@^2.30.0:
  version "2.35.1"
  dependencies:
    "@eslint-community/eslint-utils" "^4.2.0"
    "@jridgewell/sourcemap-codec" "^1.4.14"
    debug "^4.3.1"
    eslint-compat-utils "^0.1.2"
    esutils "^2.0.3"
    known-css-properties "^0.29.0"
    postcss "^8.4.5"
    postcss-load-config "^3.1.4"
    postcss-safe-parser "^6.0.0"
    postcss-selector-parser "^6.0.11"
    semver "^7.5.3"
    svelte-eslint-parser ">=0.33.0 <1.0.0"

eslint-scope@^7.0.0, eslint-scope@^7.2.2:
  version "7.2.2"
  dependencies:
    esrecurse "^4.3.0"
    estraverse "^5.2.0"

eslint-visitor-keys@^3.0.0, eslint-visitor-keys@^3.3.0, eslint-visitor-keys@^3.4.1, eslint-visitor-keys@^3.4.3:
  version "3.4.3"

"eslint@^6.0.0 || ^7.0.0 || >=8.0.0", "eslint@^7.0.0 || ^8.0.0-0", eslint@^8.28.0, eslint@>=6.0.0, eslint@>=7.0.0:
  version "8.54.0"
  dependencies:
    "@eslint-community/eslint-utils" "^4.2.0"
    "@eslint-community/regexpp" "^4.6.1"
    "@eslint/eslintrc" "^2.1.3"
    "@eslint/js" "8.54.0"
    "@humanwhocodes/config-array" "^0.11.13"
    "@humanwhocodes/module-importer" "^1.0.1"
    "@nodelib/fs.walk" "^1.2.8"
    "@ungap/structured-clone" "^1.2.0"
    ajv "^6.12.4"
    chalk "^4.0.0"
    cross-spawn "^7.0.2"
    debug "^4.3.2"
    doctrine "^3.0.0"
    escape-string-regexp "^4.0.0"
    eslint-scope "^7.2.2"
    eslint-visitor-keys "^3.4.3"
    espree "^9.6.1"
    esquery "^1.4.2"
    esutils "^2.0.2"
    fast-deep-equal "^3.1.3"
    file-entry-cache "^6.0.1"
    find-up "^5.0.0"
    glob-parent "^6.0.2"
    globals "^13.19.0"
    graphemer "^1.4.0"
    ignore "^5.2.0"
    imurmurhash "^0.1.4"
    is-glob "^4.0.0"
    is-path-inside "^3.0.3"
    js-yaml "^4.1.0"
    json-stable-stringify-without-jsonify "^1.0.1"
    levn "^0.4.1"
    lodash.merge "^4.6.2"
    minimatch "^3.1.2"
    natural-compare "^1.4.0"
    optionator "^0.9.3"
    strip-ansi "^6.0.1"
    text-table "^0.2.0"

esm-env@^1.0.0:
  version "1.0.0"

espree@^9.0.0, espree@^9.6.0, espree@^9.6.1:
  version "9.6.1"
  dependencies:
    acorn "^8.9.0"
    acorn-jsx "^5.3.2"
    eslint-visitor-keys "^3.4.1"

esquery@^1.4.2:
  version "1.5.0"
  dependencies:
    estraverse "^5.1.0"

esrecurse@^4.3.0:
  version "4.3.0"
  dependencies:
    estraverse "^5.2.0"

estraverse@^5.1.0, estraverse@^5.2.0:
  version "5.3.0"

estree-walker@^3.0.0, estree-walker@^3.0.3:
  version "3.0.3"
  dependencies:
    "@types/estree" "^1.0.0"

esutils@^2.0.2, esutils@^2.0.3:
  version "2.0.3"

fast-deep-equal@^3.1.1, fast-deep-equal@^3.1.3:
  version "3.1.3"

fast-glob@^3.2.7, fast-glob@^3.3.0:
  version "3.3.2"
  dependencies:
    "@nodelib/fs.stat" "^2.0.2"
    "@nodelib/fs.walk" "^1.2.3"
    glob-parent "^5.1.2"
    merge2 "^1.3.0"
    micromatch "^4.0.4"

fast-json-stable-stringify@^2.0.0:
  version "2.1.0"

fast-levenshtein@^2.0.6:
  version "2.0.6"

fastq@^1.6.0:
  version "1.15.0"
  dependencies:
    reusify "^1.0.4"

file-entry-cache@^6.0.1:
  version "6.0.1"
  dependencies:
    flat-cache "^3.0.4"

fill-range@^7.0.1:
  version "7.0.1"
  dependencies:
    to-regex-range "^5.0.1"

find-up@^5.0.0:
  version "5.0.0"
  dependencies:
    locate-path "^6.0.0"
    path-exists "^4.0.0"

flat-cache@^3.0.4:
  version "3.2.0"
  dependencies:
    flatted "^3.2.9"
    keyv "^4.5.3"
    rimraf "^3.0.2"

flatted@^3.2.9:
  version "3.2.9"

flowbite-svelte-icons@^0.4.5:
  version "0.4.5"

flowbite-svelte@^0.44.21:
  version "0.44.21"
  dependencies:
    "@floating-ui/dom" "^1.5.3"
    apexcharts "^3.44.0"
    flowbite "^2.2.0"
    tailwind-merge "^2.0.0"

flowbite@^2.2.0:
  version "2.2.1"
  dependencies:
    "@popperjs/core" "^2.9.3"
    mini-svg-data-uri "^1.4.3"

fraction.js@^4.3.6:
  version "4.3.7"

fs.realpath@^1.0.0:
  version "1.0.0"

function-bind@^1.1.2:
  version "1.1.2"

glob-parent@^5.1.2:
  version "5.1.2"
  dependencies:
    is-glob "^4.0.1"

glob-parent@^6.0.2:
  version "6.0.2"
  dependencies:
    is-glob "^4.0.3"

glob-parent@~5.1.2:
  version "5.1.2"
  dependencies:
    is-glob "^4.0.1"

glob@^7.1.3:
  version "7.2.3"
  dependencies:
    fs.realpath "^1.0.0"
    inflight "^1.0.4"
    inherits "2"
    minimatch "^3.1.1"
    once "^1.3.0"
    path-is-absolute "^1.0.0"

glob@7.1.6:
  version "7.1.6"
  dependencies:
    fs.realpath "^1.0.0"
    inflight "^1.0.4"
    inherits "2"
    minimatch "^3.0.4"
    once "^1.3.0"
    path-is-absolute "^1.0.0"

globals@^13.19.0:
  version "13.23.0"
  dependencies:
    type-fest "^0.20.2"

globalyzer@0.1.0:
  version "0.1.0"

globrex@^0.1.2:
  version "0.1.2"

graceful-fs@^4.1.3:
  version "4.2.11"

graphemer@^1.4.0:
  version "1.4.0"

has-flag@^4.0.0:
  version "4.0.0"

hasown@^2.0.0:
  version "2.0.0"
  dependencies:
    function-bind "^1.1.2"

ignore@^5.2.0:
  version "5.3.0"

import-fresh@^3.2.1:
  version "3.3.0"
  dependencies:
    parent-module "^1.0.0"
    resolve-from "^4.0.0"

import-meta-resolve@^4.0.0:
  version "4.0.0"

imurmurhash@^0.1.4:
  version "0.1.4"

inflight@^1.0.4:
  version "1.0.6"
  dependencies:
    once "^1.3.0"
    wrappy "1"

inherits@2:
  version "2.0.4"

is-binary-path@~2.1.0:
  version "2.1.0"
  dependencies:
    binary-extensions "^2.0.0"

is-core-module@^2.13.0:
  version "2.13.1"
  dependencies:
    hasown "^2.0.0"

is-extglob@^2.1.1:
  version "2.1.1"

is-glob@^4.0.0, is-glob@^4.0.1, is-glob@^4.0.3, is-glob@~4.0.1:
  version "4.0.3"
  dependencies:
    is-extglob "^2.1.1"

is-number@^7.0.0:
  version "7.0.0"

is-path-inside@^3.0.3:
  version "3.0.3"

is-reference@^3.0.0, is-reference@^3.0.1:
  version "3.0.2"
  dependencies:
    "@types/estree" "*"

isexe@^2.0.0:
  version "2.0.0"

jiti@^1.19.1:
  version "1.21.0"

js-yaml@^4.1.0:
  version "4.1.0"
  dependencies:
    argparse "^2.0.1"

json-buffer@3.0.1:
  version "3.0.1"

json-schema-traverse@^0.4.1:
  version "0.4.1"

json-stable-stringify-without-jsonify@^1.0.1:
  version "1.0.1"

keyv@^4.5.3:
  version "4.5.4"
  dependencies:
    json-buffer "3.0.1"

kleur@^4.1.5:
  version "4.1.5"

known-css-properties@^0.29.0:
  version "0.29.0"

levn@^0.4.1:
  version "0.4.1"
  dependencies:
    prelude-ls "^1.2.1"
    type-check "~0.4.0"

lilconfig@^2.0.5, lilconfig@^2.1.0:
  version "2.1.0"

lilconfig@^3.0.0:
  version "3.0.0"

lines-and-columns@^1.1.6:
  version "1.2.4"

locate-character@^3.0.0:
  version "3.0.0"

locate-path@^6.0.0:
  version "6.0.0"
  dependencies:
    p-locate "^5.0.0"

lodash.merge@^4.6.2:
  version "4.6.2"

lru-cache@^6.0.0:
  version "6.0.0"
  dependencies:
    yallist "^4.0.0"

magic-string@^0.27.0:
  version "0.27.0"
  dependencies:
    "@jridgewell/sourcemap-codec" "^1.4.13"

magic-string@^0.30.0, magic-string@^0.30.3, magic-string@^0.30.4:
  version "0.30.5"
  dependencies:
    "@jridgewell/sourcemap-codec" "^1.4.15"

mdn-data@2.0.30:
  version "2.0.30"

merge2@^1.3.0:
  version "1.4.1"

micromatch@^4.0.4, micromatch@^4.0.5:
  version "4.0.5"
  dependencies:
    braces "^3.0.2"
    picomatch "^2.3.1"

min-indent@^1.0.0:
  version "1.0.1"

mini-svg-data-uri@^1.4.3:
  version "1.4.4"

minimatch@^3.0.4, minimatch@^3.0.5, minimatch@^3.1.1, minimatch@^3.1.2:
  version "3.1.2"
  dependencies:
    brace-expansion "^1.1.7"

minimist@^1.2.0, minimist@^1.2.6:
  version "1.2.8"

mkdirp@^0.5.1:
  version "0.5.6"
  dependencies:
    minimist "^1.2.6"

mri@^1.1.0:
  version "1.2.0"

mrmime@^1.0.0, mrmime@^1.0.1:
  version "1.0.1"

ms@2.1.2:
  version "2.1.2"

mz@^2.7.0:
  version "2.7.0"
  dependencies:
    any-promise "^1.0.0"
    object-assign "^4.0.1"
    thenify-all "^1.0.0"

nanoid@^3.3.6:
  version "3.3.7"

natural-compare@^1.4.0:
  version "1.4.0"

node-releases@^2.0.13:
  version "2.0.13"

normalize-path@^3.0.0, normalize-path@~3.0.0:
  version "3.0.0"

normalize-range@^0.1.2:
  version "0.1.2"

object-assign@^4.0.1:
  version "4.1.1"

object-hash@^3.0.0:
  version "3.0.0"

once@^1.3.0:
  version "1.4.0"
  dependencies:
    wrappy "1"

optionator@^0.9.3:
  version "0.9.3"
  dependencies:
    "@aashutoshrathi/word-wrap" "^1.2.3"
    deep-is "^0.1.3"
    fast-levenshtein "^2.0.6"
    levn "^0.4.1"
    prelude-ls "^1.2.1"
    type-check "^0.4.0"

p-limit@^3.0.2:
  version "3.1.0"
  dependencies:
    yocto-queue "^0.1.0"

p-locate@^5.0.0:
  version "5.0.0"
  dependencies:
    p-limit "^3.0.2"

parent-module@^1.0.0:
  version "1.0.1"
  dependencies:
    callsites "^3.0.0"

path-exists@^4.0.0:
  version "4.0.0"

path-is-absolute@^1.0.0:
  version "1.0.1"

path-key@^3.1.0:
  version "3.1.1"

path-parse@^1.0.7:
  version "1.0.7"

periscopic@^3.1.0:
  version "3.1.0"
  dependencies:
    "@types/estree" "^1.0.0"
    estree-walker "^3.0.0"
    is-reference "^3.0.0"

picocolors@^1.0.0:
  version "1.0.0"

picomatch@^2.0.4, picomatch@^2.2.1, picomatch@^2.3.1:
  version "2.3.1"

pify@^2.3.0:
  version "2.3.0"

pirates@^4.0.1:
  version "4.0.6"

postcss-import@^15.1.0:
  version "15.1.0"
  dependencies:
    postcss-value-parser "^4.0.0"
    read-cache "^1.0.0"
    resolve "^1.1.7"

postcss-js@^4.0.1:
  version "4.0.1"
  dependencies:
    camelcase-css "^2.0.1"

"postcss-load-config@^2.1.0 || ^3.0.0 || ^4.0.0", postcss-load-config@^4.0.1:
  version "4.0.2"
  dependencies:
    lilconfig "^3.0.0"
    yaml "^2.3.4"

postcss-load-config@^3.1.4:
  version "3.1.4"
  dependencies:
    lilconfig "^2.0.5"
    yaml "^1.10.2"

postcss-nested@^6.0.1:
  version "6.0.1"
  dependencies:
    postcss-selector-parser "^6.0.11"

postcss-safe-parser@^6.0.0:
  version "6.0.0"

postcss-scss@^4.0.8:
  version "4.0.9"

postcss-selector-parser@^6.0.11:
  version "6.0.13"
  dependencies:
    cssesc "^3.0.0"
    util-deprecate "^1.0.2"

postcss-value-parser@^4.0.0, postcss-value-parser@^4.2.0:
  version "4.2.0"

"postcss@^7 || ^8", postcss@^8.0.0, postcss@^8.1.0, postcss@^8.2.14, postcss@^8.3.3, postcss@^8.4.21, postcss@^8.4.23, postcss@^8.4.27, postcss@^8.4.29, postcss@^8.4.31, postcss@^8.4.5, postcss@>=8.0.9:
  version "8.4.31"
  dependencies:
    nanoid "^3.3.6"
    picocolors "^1.0.0"
    source-map-js "^1.0.2"

prelude-ls@^1.2.1:
  version "1.2.1"

prettier-plugin-svelte@^2.10.1:
  version "2.10.1"

"prettier@^1.16.4 || ^2.0.0", prettier@^2.8.0:
  version "2.8.8"

punycode@^2.1.0:
  version "2.3.1"

queue-microtask@^1.2.2:
  version "1.2.3"

read-cache@^1.0.0:
  version "1.0.0"
  dependencies:
    pify "^2.3.0"

readdirp@~3.6.0:
  version "3.6.0"
  dependencies:
    picomatch "^2.2.1"

regenerator-runtime@^0.14.0:
  version "0.14.1"

resolve-from@^4.0.0:
  version "4.0.0"

resolve@^1.1.7, resolve@^1.22.2:
  version "1.22.8"
  dependencies:
    is-core-module "^2.13.0"
    path-parse "^1.0.7"
    supports-preserve-symlinks-flag "^1.0.0"

reusify@^1.0.4:
  version "1.0.4"

rimraf@^2.5.2:
  version "2.7.1"
  dependencies:
    glob "^7.1.3"

rimraf@^3.0.2:
  version "3.0.2"
  dependencies:
    glob "^7.1.3"

rollup@^3.27.1:
  version "3.29.4"
  optionalDependencies:
    fsevents "~2.3.2"

run-parallel@^1.1.9:
  version "1.2.0"
  dependencies:
    queue-microtask "^1.2.2"

sade@^1.7.4, sade@^1.8.1:
  version "1.8.1"
  dependencies:
    mri "^1.1.0"

sander@^0.5.0:
  version "0.5.1"
  dependencies:
    es6-promise "^3.1.2"
    graceful-fs "^4.1.3"
    mkdirp "^0.5.1"
    rimraf "^2.5.2"

semver@^7.5.3:
  version "7.5.4"
  dependencies:
    lru-cache "^6.0.0"

set-cookie-parser@^2.6.0:
  version "2.6.0"

shebang-command@^2.0.0:
  version "2.0.0"
  dependencies:
    shebang-regex "^3.0.0"

shebang-regex@^3.0.0:
  version "3.0.0"

sirv@^2.0.2:
  version "2.0.3"
  dependencies:
    "@polka/url" "^1.0.0-next.20"
    mrmime "^1.0.0"
    totalist "^3.0.0"

sorcery@^0.11.0:
  version "0.11.0"
  dependencies:
    "@jridgewell/sourcemap-codec" "^1.4.14"
    buffer-crc32 "^0.2.5"
    minimist "^1.2.0"
    sander "^0.5.0"

source-map-js@^1.0.1, source-map-js@^1.0.2:
  version "1.0.2"

strip-ansi@^6.0.1:
  version "6.0.1"
  dependencies:
    ansi-regex "^5.0.1"

strip-indent@^3.0.0:
  version "3.0.0"
  dependencies:
    min-indent "^1.0.0"

strip-json-comments@^3.1.1:
  version "3.1.1"

sucrase@^3.32.0:
  version "3.34.0"
  dependencies:
    "@jridgewell/gen-mapping" "^0.3.2"
    commander "^4.0.0"
    glob "7.1.6"
    lines-and-columns "^1.1.6"
    mz "^2.7.0"
    pirates "^4.0.1"
    ts-interface-checker "^0.1.9"

supports-color@^7.1.0:
  version "7.2.0"
  dependencies:
    has-flag "^4.0.0"

supports-preserve-symlinks-flag@^1.0.0:
  version "1.0.0"

svelte-check@^3.4.3:
  version "3.6.2"
  dependencies:
    "@jridgewell/trace-mapping" "^0.3.17"
    chokidar "^3.4.1"
    fast-glob "^3.2.7"
    import-fresh "^3.2.1"
    picocolors "^1.0.0"
    sade "^1.7.4"
    svelte-preprocess "^5.1.0"
    typescript "^5.0.3"

"svelte-eslint-parser@>=0.33.0 <1.0.0":
  version "0.33.1"
  dependencies:
    eslint-scope "^7.0.0"
    eslint-visitor-keys "^3.0.0"
    espree "^9.0.0"
    postcss "^8.4.29"
    postcss-scss "^4.0.8"

svelte-fontawesome@^0.0.3:
  version "0.0.3"

svelte-hmr@^0.15.3:
  version "0.15.3"

svelte-preprocess@^5.1.0:
  version "5.1.1"
  dependencies:
    "@types/pug" "^2.0.6"
    detect-indent "^6.1.0"
    magic-string "^0.27.0"
    sorcery "^0.11.0"
    strip-indent "^3.0.0"

svelte@*, "svelte@^3.19.0 || ^4.0.0", "svelte@^3.2.0 || ^4.0.0-next.0", "svelte@^3.23.0 || ^4.0.0-next.0 || ^4.0.0 || ^5.0.0-next.0", "svelte@^3.37.0 || ^4.0.0", "svelte@^3.54.0 || ^4.0.0", "svelte@^3.54.0 || ^4.0.0 || ^5.0.0-next.0", "svelte@^3.54.0 || ^4.0.0-next.0 || ^5.0.0-next.0", "svelte@^3.55.0 || ^4.0.0-next.0 || ^4.0.0 || ^5.0.0-next.0", svelte@^4.0.0, svelte@^4.0.5:
  version "4.2.8"
  dependencies:
    "@ampproject/remapping" "^2.2.1"
    "@jridgewell/sourcemap-codec" "^1.4.15"
    "@jridgewell/trace-mapping" "^0.3.18"
    acorn "^8.9.0"
    aria-query "^5.3.0"
    axobject-query "^3.2.1"
    code-red "^1.0.3"
    css-tree "^2.3.1"
    estree-walker "^3.0.3"
    is-reference "^3.0.1"
    locate-character "^3.0.0"
    magic-string "^0.30.4"
    periscopic "^3.1.0"

svg.draggable.js@^2.2.2:
  version "2.2.2"
  dependencies:
    svg.js "^2.0.1"

svg.easing.js@^2.0.0:
  version "2.0.0"
  dependencies:
    svg.js ">=2.3.x"

svg.filter.js@^2.0.2:
  version "2.0.2"
  dependencies:
    svg.js "^2.2.5"

svg.js@^2.0.1, svg.js@^2.2.5, svg.js@^2.4.0, svg.js@^2.6.5, svg.js@>=2.3.x:
  version "2.7.1"

svg.pathmorphing.js@^0.1.3:
  version "0.1.3"
  dependencies:
    svg.js "^2.4.0"

svg.resize.js@^1.4.3:
  version "1.4.3"
  dependencies:
    svg.js "^2.6.5"
    svg.select.js "^2.1.2"

svg.select.js@^2.1.2:
  version "2.1.2"
  dependencies:
    svg.js "^2.2.5"

svg.select.js@^3.0.1:
  version "3.0.1"
  dependencies:
    svg.js "^2.6.5"

tailwind-merge@^2.0.0:
  version "2.2.0"
  dependencies:
    "@babel/runtime" "^7.23.5"

tailwindcss@^3.3.2, tailwindcss@^3.3.5:
  version "3.3.5"
  dependencies:
    "@alloc/quick-lru" "^5.2.0"
    arg "^5.0.2"
    chokidar "^3.5.3"
    didyoumean "^1.2.2"
    dlv "^1.1.3"
    fast-glob "^3.3.0"
    glob-parent "^6.0.2"
    is-glob "^4.0.3"
    jiti "^1.19.1"
    lilconfig "^2.1.0"
    micromatch "^4.0.5"
    normalize-path "^3.0.0"
    object-hash "^3.0.0"
    picocolors "^1.0.0"
    postcss "^8.4.23"
    postcss-import "^15.1.0"
    postcss-js "^4.0.1"
    postcss-load-config "^4.0.1"
    postcss-nested "^6.0.1"
    postcss-selector-parser "^6.0.11"
    resolve "^1.22.2"
    sucrase "^3.32.0"

text-table@^0.2.0:
  version "0.2.0"

thenify-all@^1.0.0:
  version "1.6.0"
  dependencies:
    thenify ">= 3.1.0 < 4"

"thenify@>= 3.1.0 < 4":
  version "3.3.1"
  dependencies:
    any-promise "^1.0.0"

tiny-glob@^0.2.9:
  version "0.2.9"
  dependencies:
    globalyzer "0.1.0"
    globrex "^0.1.2"

to-regex-range@^5.0.1:
  version "5.0.1"
  dependencies:
    is-number "^7.0.0"

totalist@^3.0.0:
  version "3.0.1"

ts-interface-checker@^0.1.9:
  version "0.1.13"

type-check@^0.4.0, type-check@~0.4.0:
  version "0.4.0"
  dependencies:
    prelude-ls "^1.2.1"

type-fest@^0.20.2:
  version "0.20.2"

typescript@^5.0.0, typescript@^5.0.3, "typescript@>=3.9.5 || ^4.0.0 || ^5.0.0":
  version "5.3.2"

undici@~5.26.2:
  version "5.26.5"
  dependencies:
    "@fastify/busboy" "^2.0.0"

update-browserslist-db@^1.0.13:
  version "1.0.13"
  dependencies:
    escalade "^3.1.1"
    picocolors "^1.0.0"

uri-js@^4.2.2:
  version "4.4.1"
  dependencies:
    punycode "^2.1.0"

util-deprecate@^1.0.2:
  version "1.0.2"

"vite@^3.0.0 || ^4.0.0 || ^5.0.0", vite@^4.0.0, vite@^4.4.2:
  version "4.5.0"
  dependencies:
    esbuild "^0.18.10"
    postcss "^8.4.27"
    rollup "^3.27.1"
  optionalDependencies:
    fsevents "~2.3.2"

vitefu@^0.2.4:
  version "0.2.5"

which@^2.0.1:
  version "2.0.2"
  dependencies:
    isexe "^2.0.0"

wrappy@1:
  version "1.0.2"

yallist@^4.0.0:
  version "4.0.0"

yaml@^1.10.2:
  version "1.10.2"

yaml@^2.3.4:
  version "2.3.4"

yocto-queue@^0.1.0:
  version "0.1.0"
